
Microsoft Visual Studio Solution File, Format Version 12.00
# Visual Studio Version 16
VisualStudioVersion = 16.0.29613.14
MinimumVisualStudioVersion = 10.0.40219.1
Project("{FAE04EC0-301F-11D3-BF4B-00C04F79EFBC}") = "tictactoe_alex", "tictactoe_alex\tictactoe_alex.csproj", "{E8E64CDF-FEBB-49BB-ADD4-21F4AAD8BA5C}"
EndProject
Global
	GlobalSection(SolutionConfigurationPlatforms) = preSolution
		Debug|Any CPU = Debug|Any CPU
		Release|Any CPU = Release|Any CPU
	EndGlobalSection
	GlobalSection(ProjectConfigurationPlatforms) = postSolution
		{E8E64CDF-FEBB-49BB-ADD4-21F4AAD8BA5C}.Debug|Any CPU.ActiveCfg = Debug|Any CPU
		{E8E64CDF-FEBB-49BB-ADD4-21F4AAD8BA5C}.Debug|Any CPU.Build.0 = Debug|Any CPU
		{E8E64CDF-FEBB-49BB-ADD4-21F4AAD8BA5C}.Release|Any CPU.ActiveCfg = Release|Any CPU
		{E8E64CDF-FEBB-49BB-ADD4-21F4AAD8BA5C}.Release|Any CPU.Build.0 = Release|Any CPU
	EndGlobalSection
	GlobalSection(SolutionProperties) = preSolution
		HideSolutionNode = FALSE
	EndGlobalSection
	GlobalSection(ExtensibilityGlobals) = postSolution
		SolutionGuid = {611B8AD8-2FC9-459F-BBFD-A8DDDCE8D3BE}
	EndGlobalSection
EndGlobal
